{
  "nodes": {
    "nixpkgs": {
      "locked": {
        "lastModified": 0,
        "narHash": "sha256-/lLC0wkMZkAdA5e1W76SnJzbhfOGDvync3VRHJMtAKk=",
        "path": "/nix/store/lw6gp8rrhd7lpi81dk9wr1l09a7za523-source",
        "type": "path"
      },
      "original": {
        "id": "nixpkgs",
        "type": "indirect"
      }
    },
    "root": {
      "inputs": {
        "nixpkgs": "nixpkgs"
      }
    }
  },
  "root": "root",
  "version": 7
}
