{
  "nodes": {
    "nixpkgs": {
      "info": {
        "lastModified": 1589349539,
        "narHash": "sha256-xMUcyl9vI6c8mJzl+M+6JIZmWQknXkSbu1jrgxtoHlo="
      },
      "locked": {
        "owner": "NixOS",
        "repo": "nixpkgs",
        "rev": "6a16787d263c96a772bbc74d527e71415811fd3a",
        "type": "github"
      },
      "original": {
        "id": "nixpkgs",
        "type": "indirect"
      }
    },
    "root": {
      "inputs": {
        "nixpkgs": "nixpkgs"
      }
    }
  },
  "root": "root",
  "version": 5
}
